
Microsoft Visual Studio Solution File, Format Version 12.00
# Visual Studio 15
Project("{FAE04EC0-301F-11D3-BF4B-00C04F79EFBC}") = "Assembly-CSharp", "Assembly-CSharp.csproj", "{B6279A88-17B2-FD20-49DE-1BD1714C950D}"
EndProject
Global
	GlobalSection(SolutionConfigurationPlatforms) = preSolution
		Debug|Any CPU = Debug|Any CPU
		Release|Any CPU = Release|Any CPU
	EndGlobalSection
	GlobalSection(ProjectConfigurationPlatforms) = postSolution
		{B6279A88-17B2-FD20-49DE-1BD1714C950D}.Debug|Any CPU.ActiveCfg = Debug|Any CPU
		{B6279A88-17B2-FD20-49DE-1BD1714C950D}.Debug|Any CPU.Build.0 = Debug|Any CPU
		{B6279A88-17B2-FD20-49DE-1BD1714C950D}.Release|Any CPU.ActiveCfg = Release|Any CPU
		{B6279A88-17B2-FD20-49DE-1BD1714C950D}.Release|Any CPU.Build.0 = Release|Any CPU
	EndGlobalSection
	GlobalSection(SolutionProperties) = preSolution
		HideSolutionNode = FALSE
	EndGlobalSection
EndGlobal
